
Microsoft Visual Studio Solution File, Format Version 12.00
# Visual Studio 2013
VisualStudioVersion = 12.0.21005.1
MinimumVisualStudioVersion = 10.0.40219.1
Project("{FAE04EC0-301F-11D3-BF4B-00C04F79EFBC}") = "Do_While_İle_Faktorial_Hesabi", "Do_While_İle_Faktorial_Hesabi\Do_While_İle_Faktorial_Hesabi.csproj", "{AFC52BEE-B968-4CD9-A95E-1C9E1F60FB93}"
EndProject
Global
	GlobalSection(SolutionConfigurationPlatforms) = preSolution
		Debug|Any CPU = Debug|Any CPU
		Release|Any CPU = Release|Any CPU
	EndGlobalSection
	GlobalSection(ProjectConfigurationPlatforms) = postSolution
		{AFC52BEE-B968-4CD9-A95E-1C9E1F60FB93}.Debug|Any CPU.ActiveCfg = Debug|Any CPU
		{AFC52BEE-B968-4CD9-A95E-1C9E1F60FB93}.Debug|Any CPU.Build.0 = Debug|Any CPU
		{AFC52BEE-B968-4CD9-A95E-1C9E1F60FB93}.Release|Any CPU.ActiveCfg = Release|Any CPU
		{AFC52BEE-B968-4CD9-A95E-1C9E1F60FB93}.Release|Any CPU.Build.0 = Release|Any CPU
	EndGlobalSection
	GlobalSection(SolutionProperties) = preSolution
		HideSolutionNode = FALSE
	EndGlobalSection
EndGlobal
