
Microsoft Visual Studio Solution File, Format Version 12.00
# Visual Studio 2013
VisualStudioVersion = 12.0.21005.1
MinimumVisualStudioVersion = 10.0.40219.1
Project("{FAE04EC0-301F-11D3-BF4B-00C04F79EFBC}") = "Yol_Hiz_Problemi_Hesaplama", "Yol_Hiz_Problemi_Hesaplama\Yol_Hiz_Problemi_Hesaplama.csproj", "{915359F3-0F53-4A75-B23F-DAE50D662855}"
EndProject
Global
	GlobalSection(SolutionConfigurationPlatforms) = preSolution
		Debug|Any CPU = Debug|Any CPU
		Release|Any CPU = Release|Any CPU
	EndGlobalSection
	GlobalSection(ProjectConfigurationPlatforms) = postSolution
		{915359F3-0F53-4A75-B23F-DAE50D662855}.Debug|Any CPU.ActiveCfg = Debug|Any CPU
		{915359F3-0F53-4A75-B23F-DAE50D662855}.Debug|Any CPU.Build.0 = Debug|Any CPU
		{915359F3-0F53-4A75-B23F-DAE50D662855}.Release|Any CPU.ActiveCfg = Release|Any CPU
		{915359F3-0F53-4A75-B23F-DAE50D662855}.Release|Any CPU.Build.0 = Release|Any CPU
	EndGlobalSection
	GlobalSection(SolutionProperties) = preSolution
		HideSolutionNode = FALSE
	EndGlobalSection
EndGlobal
